
Microsoft Visual Studio Solution File, Format Version 12.00
# Visual Studio Version 16
VisualStudioVersion = 16.0.33927.289
MinimumVisualStudioVersion = 10.0.40219.1
Project("{FAE04EC0-301F-11D3-BF4B-00C04F79EFBC}") = "ass3.c", "ass3.c\ass3.c.csproj", "{A60C04C6-4DBE-42AA-8073-50A6097CE8D4}"
EndProject
Global
	GlobalSection(SolutionConfigurationPlatforms) = preSolution
		Debug|Any CPU = Debug|Any CPU
		Release|Any CPU = Release|Any CPU
	EndGlobalSection
	GlobalSection(ProjectConfigurationPlatforms) = postSolution
		{A60C04C6-4DBE-42AA-8073-50A6097CE8D4}.Debug|Any CPU.ActiveCfg = Debug|Any CPU
		{A60C04C6-4DBE-42AA-8073-50A6097CE8D4}.Debug|Any CPU.Build.0 = Debug|Any CPU
		{A60C04C6-4DBE-42AA-8073-50A6097CE8D4}.Release|Any CPU.ActiveCfg = Release|Any CPU
		{A60C04C6-4DBE-42AA-8073-50A6097CE8D4}.Release|Any CPU.Build.0 = Release|Any CPU
	EndGlobalSection
	GlobalSection(SolutionProperties) = preSolution
		HideSolutionNode = FALSE
	EndGlobalSection
	GlobalSection(ExtensibilityGlobals) = postSolution
		SolutionGuid = {F9DCE871-96C9-40D6-8FA4-11E2D8E834BB}
	EndGlobalSection
EndGlobal
